// !$*UTF8*$!
{
	archiveVersion = 1;
	classes = {
	};
	objectVersion = 46;
	objects = {

/* Begin PBXBuildFile section */
		6231584B1A76F45900B254DF /* Member.m in Sources */ = {isa = PBXBuildFile; fileRef = 6231584A1A76F45900B254DF /* Member.m */; };
		623158501A76F4A000B254DF /* MemberViewController.m in Sources */ = {isa = PBXBuildFile; fileRef = 6231584F1A76F4A000B254DF /* MemberViewController.m */; };
		623158531A77128800B254DF /* Topic.m in Sources */ = {isa = PBXBuildFile; fileRef = 623158521A77128800B254DF /* Topic.m */; };
		62D5B2F11A6DA68600016F5B /* main.m in Sources */ = {isa = PBXBuildFile; fileRef = 62D5B2F01A6DA68600016F5B /* main.m */; };
		62D5B2F41A6DA68600016F5B /* AppDelegate.m in Sources */ = {isa = PBXBuildFile; fileRef = 62D5B2F31A6DA68600016F5B /* AppDelegate.m */; };
		62D5B2F71A6DA68600016F5B /* ViewController.m in Sources */ = {isa = PBXBuildFile; fileRef = 62D5B2F61A6DA68600016F5B /* ViewController.m */; };
		62D5B2FA1A6DA68600016F5B /* Main.storyboard in Resources */ = {isa = PBXBuildFile; fileRef = 62D5B2F81A6DA68600016F5B /* Main.storyboard */; };
		62D5B2FC1A6DA68600016F5B /* Images.xcassets in Resources */ = {isa = PBXBuildFile; fileRef = 62D5B2FB1A6DA68600016F5B /* Images.xcassets */; };
		62D5B2FF1A6DA68600016F5B /* LaunchScreen.xib in Resources */ = {isa = PBXBuildFile; fileRef = 62D5B2FD1A6DA68600016F5B /* LaunchScreen.xib */; };
		62D5B30B1A6DA68600016F5B /* MeetMeupTests.m in Sources */ = {isa = PBXBuildFile; fileRef = 62D5B30A1A6DA68600016F5B /* MeetMeupTests.m */; };
		62D5B3161A6DB7D600016F5B /* Events.m in Sources */ = {isa = PBXBuildFile; fileRef = 62D5B3151A6DB7D600016F5B /* Events.m */; };
		62D5B31F1A6DEE3200016F5B /* DetailViewController.m in Sources */ = {isa = PBXBuildFile; fileRef = 62D5B31E1A6DEE3200016F5B /* DetailViewController.m */; };
		62D5B3221A6DFAD100016F5B /* DestinationViewController.m in Sources */ = {isa = PBXBuildFile; fileRef = 62D5B3211A6DFAD100016F5B /* DestinationViewController.m */; };
		62D5B3251A6E19DE00016F5B /* Comments.m in Sources */ = {isa = PBXBuildFile; fileRef = 62D5B3241A6E19DE00016F5B /* Comments.m */; };
/* End PBXBuildFile section */

/* Begin PBXContainerItemProxy section */
		62D5B3051A6DA68600016F5B /* PBXContainerItemProxy */ = {
			isa = PBXContainerItemProxy;
			containerPortal = 62D5B2E31A6DA68600016F5B /* Project object */;
			proxyType = 1;
			remoteGlobalIDString = 62D5B2EA1A6DA68600016F5B;
			remoteInfo = MeetMeup;
		};
/* End PBXContainerItemProxy section */

/* Begin PBXFileReference section */
		623158491A76F45900B254DF /* Member.h */ = {isa = PBXFileReference; fileEncoding = 4; lastKnownFileType = sourcecode.c.h; path = Member.h; sourceTree = "<group>"; };
		6231584A1A76F45900B254DF /* Member.m */ = {isa = PBXFileReference; fileEncoding = 4; lastKnownFileType = sourcecode.c.objc; path = Member.m; sourceTree = "<group>"; };
		6231584E1A76F4A000B254DF /* MemberViewController.h */ = {isa = PBXFileReference; fileEncoding = 4; lastKnownFileType = sourcecode.c.h; name = MemberViewController.h; path = ../MemberViewController.h; sourceTree = "<group>"; };
		6231584F1A76F4A000B254DF /* MemberViewController.m */ = {isa = PBXFileReference; fileEncoding = 4; lastKnownFileType = sourcecode.c.objc; name = MemberViewController.m; path = ../MemberViewController.m; sourceTree = "<group>"; };
		623158511A77128800B254DF /* Topic.h */ = {isa = PBXFileReference; fileEncoding = 4; lastKnownFileType = sourcecode.c.h; path = Topic.h; sourceTree = "<group>"; };
		623158521A77128800B254DF /* Topic.m */ = {isa = PBXFileReference; fileEncoding = 4; lastKnownFileType = sourcecode.c.objc; path = Topic.m; sourceTree = "<group>"; };
		62D5B2EB1A6DA68600016F5B /* MeetMeup.app */ = {isa = PBXFileReference; explicitFileType = wrapper.application; includeInIndex = 0; path = MeetMeup.app; sourceTree = BUILT_PRODUCTS_DIR; };
		62D5B2EF1A6DA68600016F5B /* Info.plist */ = {isa = PBXFileReference; lastKnownFileType = text.plist.xml; path = Info.plist; sourceTree = "<group>"; };
		62D5B2F01A6DA68600016F5B /* main.m */ = {isa = PBXFileReference; lastKnownFileType = sourcecode.c.objc; path = main.m; sourceTree = "<group>"; };
		62D5B2F21A6DA68600016F5B /* AppDelegate.h */ = {isa = PBXFileReference; lastKnownFileType = sourcecode.c.h; path = AppDelegate.h; sourceTree = "<group>"; };
		62D5B2F31A6DA68600016F5B /* AppDelegate.m */ = {isa = PBXFileReference; lastKnownFileType = sourcecode.c.objc; path = AppDelegate.m; sourceTree = "<group>"; };
		62D5B2F51A6DA68600016F5B /* ViewController.h */ = {isa = PBXFileReference; lastKnownFileType = sourcecode.c.h; path = ViewController.h; sourceTree = "<group>"; };
		62D5B2F61A6DA68600016F5B /* ViewController.m */ = {isa = PBXFileReference; lastKnownFileType = sourcecode.c.objc; path = ViewController.m; sourceTree = "<group>"; };
		62D5B2F91A6DA68600016F5B /* Base */ = {isa = PBXFileReference; lastKnownFileType = file.storyboard; name = Base; path = Base.lproj/Main.storyboard; sourceTree = "<group>"; };
		62D5B2FB1A6DA68600016F5B /* Images.xcassets */ = {isa = PBXFileReference; lastKnownFileType = folder.assetcatalog; path = Images.xcassets; sourceTree = "<group>"; };
		62D5B2FE1A6DA68600016F5B /* Base */ = {isa = PBXFileReference; lastKnownFileType = file.xib; name = Base; path = Base.lproj/LaunchScreen.xib; sourceTree = "<group>"; };
		62D5B3041A6DA68600016F5B /* MeetMeupTests.xctest */ = {isa = PBXFileReference; explicitFileType = wrapper.cfbundle; includeInIndex = 0; path = MeetMeupTests.xctest; sourceTree = BUILT_PRODUCTS_DIR; };
		62D5B3091A6DA68600016F5B /* Info.plist */ = {isa = PBXFileReference; lastKnownFileType = text.plist.xml; path = Info.plist; sourceTree = "<group>"; };
		62D5B30A1A6DA68600016F5B /* MeetMeupTests.m */ = {isa = PBXFileReference; lastKnownFileType = sourcecode.c.objc; path = MeetMeupTests.m; sourceTree = "<group>"; };
		62D5B3141A6DB7D600016F5B /* Events.h */ = {isa = PBXFileReference; fileEncoding = 4; lastKnownFileType = sourcecode.c.h; path = Events.h; sourceTree = "<group>"; };
		62D5B3151A6DB7D600016F5B /* Events.m */ = {isa = PBXFileReference; fileEncoding = 4; lastKnownFileType = sourcecode.c.objc; path = Events.m; sourceTree = "<group>"; };
		62D5B31D1A6DEE3200016F5B /* DetailViewController.h */ = {isa = PBXFileReference; fileEncoding = 4; lastKnownFileType = sourcecode.c.h; name = DetailViewController.h; path = ../DetailViewController.h; sourceTree = "<group>"; };
		62D5B31E1A6DEE3200016F5B /* DetailViewController.m */ = {isa = PBXFileReference; fileEncoding = 4; lastKnownFileType = sourcecode.c.objc; name = DetailViewController.m; path = ../DetailViewController.m; sourceTree = "<group>"; };
		62D5B3201A6DFAD100016F5B /* DestinationViewController.h */ = {isa = PBXFileReference; fileEncoding = 4; lastKnownFileType = sourcecode.c.h; path = DestinationViewController.h; sourceTree = "<group>"; };
		62D5B3211A6DFAD100016F5B /* DestinationViewController.m */ = {isa = PBXFileReference; fileEncoding = 4; lastKnownFileType = sourcecode.c.objc; path = DestinationViewController.m; sourceTree = "<group>"; };
		62D5B3231A6E19DE00016F5B /* Comments.h */ = {isa = PBXFileReference; fileEncoding = 4; lastKnownFileType = sourcecode.c.h; path = Comments.h; sourceTree = "<group>"; };
		62D5B3241A6E19DE00016F5B /* Comments.m */ = {isa = PBXFileReference; fileEncoding = 4; lastKnownFileType = sourcecode.c.objc; path = Comments.m; sourceTree = "<group>"; };
/* End PBXFileReference section */

/* Begin PBXFrameworksBuildPhase section */
		62D5B2E81A6DA68600016F5B /* Frameworks */ = {
			isa = PBXFrameworksBuildPhase;
			buildActionMask = 2147483647;
			files = (
			);
			runOnlyForDeploymentPostprocessing = 0;
		};
		62D5B3011A6DA68600016F5B /* Frameworks */ = {
			isa = PBXFrameworksBuildPhase;
			buildActionMask = 2147483647;
			files = (
			);
			runOnlyForDeploymentPostprocessing = 0;
		};
/* End PBXFrameworksBuildPhase section */

/* Begin PBXGroup section */
		6231584C1A76F45E00B254DF /* Classes */ = {
			isa = PBXGroup;
			children = (
				623158511A77128800B254DF /* Topic.h */,
				623158521A77128800B254DF /* Topic.m */,
				62D5B3231A6E19DE00016F5B /* Comments.h */,
				62D5B3241A6E19DE00016F5B /* Comments.m */,
				623158491A76F45900B254DF /* Member.h */,
				6231584A1A76F45900B254DF /* Member.m */,
				62D5B3141A6DB7D600016F5B /* Events.h */,
				62D5B3151A6DB7D600016F5B /* Events.m */,
			);
			name = Classes;
			sourceTree = "<group>";
		};
		6231584D1A76F47800B254DF /* View Controllers */ = {
			isa = PBXGroup;
			children = (
				62D5B2F51A6DA68600016F5B /* ViewController.h */,
				62D5B2F61A6DA68600016F5B /* ViewController.m */,
				62D5B31D1A6DEE3200016F5B /* DetailViewController.h */,
				62D5B31E1A6DEE3200016F5B /* DetailViewController.m */,
				6231584E1A76F4A000B254DF /* MemberViewController.h */,
				6231584F1A76F4A000B254DF /* MemberViewController.m */,
				62D5B3201A6DFAD100016F5B /* DestinationViewController.h */,
				62D5B3211A6DFAD100016F5B /* DestinationViewController.m */,
			);
			name = "View Controllers";
			sourceTree = "<group>";
		};
		62D5B2E21A6DA68600016F5B = {
			isa = PBXGroup;
			children = (
				62D5B2ED1A6DA68600016F5B /* MeetMeup */,
				62D5B3071A6DA68600016F5B /* MeetMeupTests */,
				62D5B2EC1A6DA68600016F5B /* Products */,
			);
			sourceTree = "<group>";
		};
		62D5B2EC1A6DA68600016F5B /* Products */ = {
			isa = PBXGroup;
			children = (
				62D5B2EB1A6DA68600016F5B /* MeetMeup.app */,
				62D5B3041A6DA68600016F5B /* MeetMeupTests.xctest */,
			);
			name = Products;
			sourceTree = "<group>";
		};
		62D5B2ED1A6DA68600016F5B /* MeetMeup */ = {
			isa = PBXGroup;
			children = (
				62D5B2F21A6DA68600016F5B /* AppDelegate.h */,
				62D5B2F31A6DA68600016F5B /* AppDelegate.m */,
				6231584D1A76F47800B254DF /* View Controllers */,
				6231584C1A76F45E00B254DF /* Classes */,
				62D5B2F81A6DA68600016F5B /* Main.storyboard */,
				62D5B2FB1A6DA68600016F5B /* Images.xcassets */,
				62D5B2FD1A6DA68600016F5B /* LaunchScreen.xib */,
				62D5B2EE1A6DA68600016F5B /* Supporting Files */,
			);
			path = MeetMeup;
			sourceTree = "<group>";
		};
		62D5B2EE1A6DA68600016F5B /* Supporting Files */ = {
			isa = PBXGroup;
			children = (
				62D5B2EF1A6DA68600016F5B /* Info.plist */,
				62D5B2F01A6DA68600016F5B /* main.m */,
			);
			name = "Supporting Files";
			sourceTree = "<group>";
		};
		62D5B3071A6DA68600016F5B /* MeetMeupTests */ = {
			isa = PBXGroup;
			children = (
				62D5B30A1A6DA68600016F5B /* MeetMeupTests.m */,
				62D5B3081A6DA68600016F5B /* Supporting Files */,
			);
			path = MeetMeupTests;
			sourceTree = "<group>";
		};
		62D5B3081A6DA68600016F5B /* Supporting Files */ = {
			isa = PBXGroup;
			children = (
				62D5B3091A6DA68600016F5B /* Info.plist */,
			);
			name = "Supporting Files";
			sourceTree = "<group>";
		};
/* End PBXGroup section */

/* Begin PBXNativeTarget section */
		62D5B2EA1A6DA68600016F5B /* MeetMeup */ = {
			isa = PBXNativeTarget;
			buildConfigurationList = 62D5B30E1A6DA68600016F5B /* Build configuration list for PBXNativeTarget "MeetMeup" */;
			buildPhases = (
				62D5B2E71A6DA68600016F5B /* Sources */,
				62D5B2E81A6DA68600016F5B /* Frameworks */,
				62D5B2E91A6DA68600016F5B /* Resources */,
			);
			buildRules = (
			);
			dependencies = (
			);
			name = MeetMeup;
			productName = MeetMeup;
			productReference = 62D5B2EB1A6DA68600016F5B /* MeetMeup.app */;
			productType = "com.apple.product-type.application";
		};
		62D5B3031A6DA68600016F5B /* MeetMeupTests */ = {
			isa = PBXNativeTarget;
			buildConfigurationList = 62D5B3111A6DA68600016F5B /* Build configuration list for PBXNativeTarget "MeetMeupTests" */;
			buildPhases = (
				62D5B3001A6DA68600016F5B /* Sources */,
				62D5B3011A6DA68600016F5B /* Frameworks */,
				62D5B3021A6DA68600016F5B /* Resources */,
			);
			buildRules = (
			);
			dependencies = (
				62D5B3061A6DA68600016F5B /* PBXTargetDependency */,
			);
			name = MeetMeupTests;
			productName = MeetMeupTests;
			productReference = 62D5B3041A6DA68600016F5B /* MeetMeupTests.xctest */;
			productType = "com.apple.product-type.bundle.unit-test";
		};
/* End PBXNativeTarget section */

/* Begin PBXProject section */
		62D5B2E31A6DA68600016F5B /* Project object */ = {
			isa = PBXProject;
			attributes = {
				LastUpgradeCheck = 0610;
				ORGANIZATIONNAME = "Mary Jenel Myers";
				TargetAttributes = {
					62D5B2EA1A6DA68600016F5B = {
						CreatedOnToolsVersion = 6.1.1;
					};
					62D5B3031A6DA68600016F5B = {
						CreatedOnToolsVersion = 6.1.1;
						TestTargetID = 62D5B2EA1A6DA68600016F5B;
					};
				};
			};
			buildConfigurationList = 62D5B2E61A6DA68600016F5B /* Build configuration list for PBXProject "MeetMeup" */;
			compatibilityVersion = "Xcode 3.2";
			developmentRegion = English;
			hasScannedForEncodings = 0;
			knownRegions = (
				en,
				Base,
			);
			mainGroup = 62D5B2E21A6DA68600016F5B;
			productRefGroup = 62D5B2EC1A6DA68600016F5B /* Products */;
			projectDirPath = "";
			projectRoot = "";
			targets = (
				62D5B2EA1A6DA68600016F5B /* MeetMeup */,
				62D5B3031A6DA68600016F5B /* MeetMeupTests */,
			);
		};
/* End PBXProject section */

/* Begin PBXResourcesBuildPhase section */
		62D5B2E91A6DA68600016F5B /* Resources */ = {
			isa = PBXResourcesBuildPhase;
			buildActionMask = 2147483647;
			files = (
				62D5B2FA1A6DA68600016F5B /* Main.storyboard in Resources */,
				62D5B2FF1A6DA68600016F5B /* LaunchScreen.xib in Resources */,
				62D5B2FC1A6DA68600016F5B /* Images.xcassets in Resources */,
			);
			runOnlyForDeploymentPostprocessing = 0;
		};
		62D5B3021A6DA68600016F5B /* Resources */ = {
			isa = PBXResourcesBuildPhase;
			buildActionMask = 2147483647;
			files = (
			);
			runOnlyForDeploymentPostprocessing = 0;
		};
/* End PBXResourcesBuildPhase section */

/* Begin PBXSourcesBuildPhase section */
		62D5B2E71A6DA68600016F5B /* Sources */ = {
			isa = PBXSourcesBuildPhase;
			buildActionMask = 2147483647;
			files = (
				62D5B31F1A6DEE3200016F5B /* DetailViewController.m in Sources */,
				62D5B3161A6DB7D600016F5B /* Events.m in Sources */,
				62D5B2F71A6DA68600016F5B /* ViewController.m in Sources */,
				623158531A77128800B254DF /* Topic.m in Sources */,
				6231584B1A76F45900B254DF /* Member.m in Sources */,
				62D5B2F41A6DA68600016F5B /* AppDelegate.m in Sources */,
				62D5B3251A6E19DE00016F5B /* Comments.m in Sources */,
				62D5B2F11A6DA68600016F5B /* main.m in Sources */,
				623158501A76F4A000B254DF /* MemberViewController.m in Sources */,
				62D5B3221A6DFAD100016F5B /* DestinationViewController.m in Sources */,
			);
			runOnlyForDeploymentPostprocessing = 0;
		};
		62D5B3001A6DA68600016F5B /* Sources */ = {
			isa = PBXSourcesBuildPhase;
			buildActionMask = 2147483647;
			files = (
				62D5B30B1A6DA68600016F5B /* MeetMeupTests.m in Sources */,
			);
			runOnlyForDeploymentPostprocessing = 0;
		};
/* End PBXSourcesBuildPhase section */

/* Begin PBXTargetDependency section */
		62D5B3061A6DA68600016F5B /* PBXTargetDependency */ = {
			isa = PBXTargetDependency;
			target = 62D5B2EA1A6DA68600016F5B /* MeetMeup */;
			targetProxy = 62D5B3051A6DA68600016F5B /* PBXContainerItemProxy */;
		};
/* End PBXTargetDependency section */

/* Begin PBXVariantGroup section */
		62D5B2F81A6DA68600016F5B /* Main.storyboard */ = {
			isa = PBXVariantGroup;
			children = (
				62D5B2F91A6DA68600016F5B /* Base */,
			);
			name = Main.storyboard;
			sourceTree = "<group>";
		};
		62D5B2FD1A6DA68600016F5B /* LaunchScreen.xib */ = {
			isa = PBXVariantGroup;
			children = (
				62D5B2FE1A6DA68600016F5B /* Base */,
			);
			name = LaunchScreen.xib;
			sourceTree = "<group>";
		};
/* End PBXVariantGroup section */

/* Begin XCBuildConfiguration section */
		62D5B30C1A6DA68600016F5B /* Debug */ = {
			isa = XCBuildConfiguration;
			buildSettings = {
				ALWAYS_SEARCH_USER_PATHS = NO;
				CLANG_CXX_LANGUAGE_STANDARD = "gnu++0x";
				CLANG_CXX_LIBRARY = "libc++";
				CLANG_ENABLE_MODULES = YES;
				CLANG_ENABLE_OBJC_ARC = YES;
				CLANG_WARN_BOOL_CONVERSION = YES;
				CLANG_WARN_CONSTANT_CONVERSION = YES;
				CLANG_WARN_DIRECT_OBJC_ISA_USAGE = YES_ERROR;
				CLANG_WARN_EMPTY_BODY = YES;
				CLANG_WARN_ENUM_CONVERSION = YES;
				CLANG_WARN_INT_CONVERSION = YES;
				CLANG_WARN_OBJC_ROOT_CLASS = YES_ERROR;
				CLANG_WARN_UNREACHABLE_CODE = YES;
				CLANG_WARN__DUPLICATE_METHOD_MATCH = YES;
				"CODE_SIGN_IDENTITY[sdk=iphoneos*]" = "iPhone Developer";
				COPY_PHASE_STRIP = NO;
				ENABLE_STRICT_OBJC_MSGSEND = YES;
				GCC_C_LANGUAGE_STANDARD = gnu99;
				GCC_DYNAMIC_NO_PIC = NO;
				GCC_OPTIMIZATION_LEVEL = 0;
				GCC_PREPROCESSOR_DEFINITIONS = (
					"DEBUG=1",
					"$(inherited)",
				);
				GCC_SYMBOLS_PRIVATE_EXTERN = NO;
				GCC_WARN_64_TO_32_BIT_CONVERSION = YES;
				GCC_WARN_ABOUT_RETURN_TYPE = YES_ERROR;
				GCC_WARN_UNDECLARED_SELECTOR = YES;
				GCC_WARN_UNINITIALIZED_AUTOS = YES_AGGRESSIVE;
				GCC_WARN_UNUSED_FUNCTION = YES;
				GCC_WARN_UNUSED_VARIABLE = YES;
				IPHONEOS_DEPLOYMENT_TARGET = 8.1;
				MTL_ENABLE_DEBUG_INFO = YES;
				ONLY_ACTIVE_ARCH = YES;
				SDKROOT = iphoneos;
			};
			name = Debug;
		};
		62D5B30D1A6DA68600016F5B /* Release */ = {
			isa = XCBuildConfiguration;
			buildSettings = {
				ALWAYS_SEARCH_USER_PATHS = NO;
				CLANG_CXX_LANGUAGE_STANDARD = "gnu++0x";
				CLANG_CXX_LIBRARY = "libc++";
				CLANG_ENABLE_MODULES = YES;
				CLANG_ENABLE_OBJC_ARC = YES;
				CLANG_WARN_BOOL_CONVERSION = YES;
				CLANG_WARN_CONSTANT_CONVERSION = YES;
				CLANG_WARN_DIRECT_OBJC_ISA_USAGE = YES_ERROR;
				CLANG_WARN_EMPTY_BODY = YES;
				CLANG_WARN_ENUM_CONVERSION = YES;
				CLANG_WARN_INT_CONVERSION = YES;
				CLANG_WARN_OBJC_ROOT_CLASS = YES_ERROR;
				CLANG_WARN_UNREACHABLE_CODE = YES;
				CLANG_WARN__DUPLICATE_METHOD_MATCH = YES;
				"CODE_SIGN_IDENTITY[sdk=iphoneos*]" = "iPhone Developer";
				COPY_PHASE_STRIP = YES;
				ENABLE_NS_ASSERTIONS = NO;
				ENABLE_STRICT_OBJC_MSGSEND = YES;
				GCC_C_LANGUAGE_STANDARD = gnu99;
				GCC_WARN_64_TO_32_BIT_CONVERSION = YES;
				GCC_WARN_ABOUT_RETURN_TYPE = YES_ERROR;
				GCC_WARN_UNDECLARED_SELECTOR = YES;
				GCC_WARN_UNINITIALIZED_AUTOS = YES_AGGRESSIVE;
				GCC_WARN_UNUSED_FUNCTION = YES;
				GCC_WARN_UNUSED_VARIABLE = YES;
				IPHONEOS_DEPLOYMENT_TARGET = 8.1;
				MTL_ENABLE_DEBUG_INFO = NO;
				SDKROOT = iphoneos;
				VALIDATE_PRODUCT = YES;
			};
			name = Release;
		};
		62D5B30F1A6DA68600016F5B /* Debug */ = {
			isa = XCBuildConfiguration;
			buildSettings = {
				ASSETCATALOG_COMPILER_APPICON_NAME = AppIcon;
				INFOPLIST_FILE = MeetMeup/Info.plist;
				LD_RUNPATH_SEARCH_PATHS = "$(inherited) @executable_path/Frameworks";
				PRODUCT_NAME = "$(TARGET_NAME)";
			};
			name = Debug;
		};
		62D5B3101A6DA68600016F5B /* Release */ = {
			isa = XCBuildConfiguration;
			buildSettings = {
				ASSETCATALOG_COMPILER_APPICON_NAME = AppIcon;
				INFOPLIST_FILE = MeetMeup/Info.plist;
				LD_RUNPATH_SEARCH_PATHS = "$(inherited) @executable_path/Frameworks";
				PRODUCT_NAME = "$(TARGET_NAME)";
			};
			name = Release;
		};
		62D5B3121A6DA68600016F5B /* Debug */ = {
			isa = XCBuildConfiguration;
			buildSettings = {
				BUNDLE_LOADER = "$(TEST_HOST)";
				FRAMEWORK_SEARCH_PATHS = (
					"$(SDKROOT)/Developer/Library/Frameworks",
					"$(inherited)",
				);
				GCC_PREPROCESSOR_DEFINITIONS = (
					"DEBUG=1",
					"$(inherited)",
				);
				INFOPLIST_FILE = MeetMeupTests/Info.plist;
				LD_RUNPATH_SEARCH_PATHS = "$(inherited) @executable_path/Frameworks @loader_path/Frameworks";
				PRODUCT_NAME = "$(TARGET_NAME)";
				TEST_HOST = "$(BUILT_PRODUCTS_DIR)/MeetMeup.app/MeetMeup";
			};
			name = Debug;
		};
		62D5B3131A6DA68600016F5B /* Release */ = {
			isa = XCBuildConfiguration;
			buildSettings = {
				BUNDLE_LOADER = "$(TEST_HOST)";
				FRAMEWORK_SEARCH_PATHS = (
					"$(SDKROOT)/Developer/Library/Frameworks",
					"$(inherited)",
				);
				INFOPLIST_FILE = MeetMeupTests/Info.plist;
				LD_RUNPATH_SEARCH_PATHS = "$(inherited) @executable_path/Frameworks @loader_path/Frameworks";
				PRODUCT_NAME = "$(TARGET_NAME)";
				TEST_HOST = "$(BUILT_PRODUCTS_DIR)/MeetMeup.app/MeetMeup";
			};
			name = Release;
		};
/* End XCBuildConfiguration section */

/* Begin XCConfigurationList section */
		62D5B2E61A6DA68600016F5B /* Build configuration list for PBXProject "MeetMeup" */ = {
			isa = XCConfigurationList;
			buildConfigurations = (
				62D5B30C1A6DA68600016F5B /* Debug */,
				62D5B30D1A6DA68600016F5B /* Release */,
			);
			defaultConfigurationIsVisible = 0;
			defaultConfigurationName = Release;
		};
		62D5B30E1A6DA68600016F5B /* Build configuration list for PBXNativeTarget "MeetMeup" */ = {
			isa = XCConfigurationList;
			buildConfigurations = (
				62D5B30F1A6DA68600016F5B /* Debug */,
				62D5B3101A6DA68600016F5B /* Release */,
			);
			defaultConfigurationIsVisible = 0;
			defaultConfigurationName = Release;
		};
		62D5B3111A6DA68600016F5B /* Build configuration list for PBXNativeTarget "MeetMeupTests" */ = {
			isa = XCConfigurationList;
			buildConfigurations = (
				62D5B3121A6DA68600016F5B /* Debug */,
				62D5B3131A6DA68600016F5B /* Release */,
			);
			defaultConfigurationIsVisible = 0;
			defaultConfigurationName = Release;
		};
/* End XCConfigurationList section */
	};
	rootObject = 62D5B2E31A6DA68600016F5B /* Project object */;
}
